
Microsoft Visual Studio Solution File, Format Version 12.00
# Visual Studio Version 17
VisualStudioVersion = 17.5.33502.453
MinimumVisualStudioVersion = 10.0.40219.1
Project("{FAE04EC0-301F-11D3-BF4B-00C04F79EFBC}") = "Megaverse.Console", "Megaverse.Console\Megaverse.Console.csproj", "{AB07FAC8-0BF2-4AA3-954D-A8CF95E1CA11}"
EndProject
Global
	GlobalSection(SolutionConfigurationPlatforms) = preSolution
		Debug|Any CPU = Debug|Any CPU
		Release|Any CPU = Release|Any CPU
	EndGlobalSection
	GlobalSection(ProjectConfigurationPlatforms) = postSolution
		{AB07FAC8-0BF2-4AA3-954D-A8CF95E1CA11}.Debug|Any CPU.ActiveCfg = Debug|Any CPU
		{AB07FAC8-0BF2-4AA3-954D-A8CF95E1CA11}.Debug|Any CPU.Build.0 = Debug|Any CPU
		{AB07FAC8-0BF2-4AA3-954D-A8CF95E1CA11}.Release|Any CPU.ActiveCfg = Release|Any CPU
		{AB07FAC8-0BF2-4AA3-954D-A8CF95E1CA11}.Release|Any CPU.Build.0 = Release|Any CPU
	EndGlobalSection
	GlobalSection(SolutionProperties) = preSolution
		HideSolutionNode = FALSE
	EndGlobalSection
	GlobalSection(ExtensibilityGlobals) = postSolution
		SolutionGuid = {1DF27ED3-8E9E-43E6-8A0F-A4DFA68BA749}
	EndGlobalSection
EndGlobal
